// !$*UTF8*$!
{
	archiveVersion = 1;
	classes = {
	};
	objectVersion = 55;
	objects = {

/* Begin PBXBuildFile section */
		5F09EFA479D4F5AC63593F1C /* Pods_InstagramClone_InstagramCloneUITests.framework in Frameworks */ = {isa = PBXBuildFile; fileRef = B8C630A75C13B86859824987 /* Pods_InstagramClone_InstagramCloneUITests.framework */; };
		9863292177D3EC5E7B2ABC99 /* Pods_InstagramClone.framework in Frameworks */ = {isa = PBXBuildFile; fileRef = B5A4A58FC02B8C09D93191A6 /* Pods_InstagramClone.framework */; };
		C00F8A90286A4BEF0096CB15 /* LogInViewController.m in Sources */ = {isa = PBXBuildFile; fileRef = C00F8A8F286A4BEF0096CB15 /* LogInViewController.m */; };
		C0276225286A53D500DA5738 /* HomeFeedViewController.m in Sources */ = {isa = PBXBuildFile; fileRef = C0276224286A53D500DA5738 /* HomeFeedViewController.m */; };
		C0276228286A53DE00DA5738 /* ProfileViewController.m in Sources */ = {isa = PBXBuildFile; fileRef = C0276227286A53DE00DA5738 /* ProfileViewController.m */; };
		C027622B286A618200DA5738 /* PostViewController.m in Sources */ = {isa = PBXBuildFile; fileRef = C027622A286A618200DA5738 /* PostViewController.m */; };
		C027622E286A703600DA5738 /* Post.m in Sources */ = {isa = PBXBuildFile; fileRef = C027622D286A703600DA5738 /* Post.m */; };
		C05E01E6286B7F32000F3C7E /* PostDetailsViewController.m in Sources */ = {isa = PBXBuildFile; fileRef = C05E01E5286B7F32000F3C7E /* PostDetailsViewController.m */; };
		C0A53EAF286B5E6700D81AF4 /* PostCell.m in Sources */ = {isa = PBXBuildFile; fileRef = C0A53EAE286B5E6700D81AF4 /* PostCell.m */; };
		C0ADF4EE286A463600666237 /* AppDelegate.m in Sources */ = {isa = PBXBuildFile; fileRef = C0ADF4ED286A463600666237 /* AppDelegate.m */; };
		C0ADF4F1286A463600666237 /* SceneDelegate.m in Sources */ = {isa = PBXBuildFile; fileRef = C0ADF4F0286A463600666237 /* SceneDelegate.m */; };
		C0ADF4F7286A463600666237 /* Main.storyboard in Resources */ = {isa = PBXBuildFile; fileRef = C0ADF4F5286A463600666237 /* Main.storyboard */; };
		C0ADF4F9286A463600666237 /* Assets.xcassets in Resources */ = {isa = PBXBuildFile; fileRef = C0ADF4F8286A463600666237 /* Assets.xcassets */; };
		C0ADF4FC286A463600666237 /* LaunchScreen.storyboard in Resources */ = {isa = PBXBuildFile; fileRef = C0ADF4FA286A463600666237 /* LaunchScreen.storyboard */; };
		C0ADF4FF286A463600666237 /* main.m in Sources */ = {isa = PBXBuildFile; fileRef = C0ADF4FE286A463600666237 /* main.m */; };
		C0ADF509286A463600666237 /* InstagramCloneTests.m in Sources */ = {isa = PBXBuildFile; fileRef = C0ADF508286A463600666237 /* InstagramCloneTests.m */; };
		C0ADF513286A463700666237 /* InstagramCloneUITests.m in Sources */ = {isa = PBXBuildFile; fileRef = C0ADF512286A463700666237 /* InstagramCloneUITests.m */; };
		C0ADF515286A463700666237 /* InstagramCloneUITestsLaunchTests.m in Sources */ = {isa = PBXBuildFile; fileRef = C0ADF514286A463700666237 /* InstagramCloneUITestsLaunchTests.m */; };
		D105AF852D3C274FAFC8E53C /* Pods_InstagramCloneTests.framework in Frameworks */ = {isa = PBXBuildFile; fileRef = B1D2F1FBB1D676C1039421B9 /* Pods_InstagramCloneTests.framework */; };
/* End PBXBuildFile section */

/* Begin PBXContainerItemProxy section */
		C0ADF505286A463600666237 /* PBXContainerItemProxy */ = {
			isa = PBXContainerItemProxy;
			containerPortal = C0ADF4E1286A463600666237 /* Project object */;
			proxyType = 1;
			remoteGlobalIDString = C0ADF4E8286A463600666237;
			remoteInfo = InstagramClone;
		};
		C0ADF50F286A463700666237 /* PBXContainerItemProxy */ = {
			isa = PBXContainerItemProxy;
			containerPortal = C0ADF4E1286A463600666237 /* Project object */;
			proxyType = 1;
			remoteGlobalIDString = C0ADF4E8286A463600666237;
			remoteInfo = InstagramClone;
		};
/* End PBXContainerItemProxy section */

/* Begin PBXFileReference section */
		0E27BC4F1EF4BD85C4561248 /* Pods-InstagramClone.release.xcconfig */ = {isa = PBXFileReference; includeInIndex = 1; lastKnownFileType = text.xcconfig; name = "Pods-InstagramClone.release.xcconfig"; path = "Target Support Files/Pods-InstagramClone/Pods-InstagramClone.release.xcconfig"; sourceTree = "<group>"; };
		1BA047BC20F52539D964B924 /* Pods-InstagramClone-InstagramCloneUITests.debug.xcconfig */ = {isa = PBXFileReference; includeInIndex = 1; lastKnownFileType = text.xcconfig; name = "Pods-InstagramClone-InstagramCloneUITests.debug.xcconfig"; path = "Target Support Files/Pods-InstagramClone-InstagramCloneUITests/Pods-InstagramClone-InstagramCloneUITests.debug.xcconfig"; sourceTree = "<group>"; };
		9C6A21FAF1D747FC36F6FE77 /* Pods-InstagramClone-InstagramCloneUITests.release.xcconfig */ = {isa = PBXFileReference; includeInIndex = 1; lastKnownFileType = text.xcconfig; name = "Pods-InstagramClone-InstagramCloneUITests.release.xcconfig"; path = "Target Support Files/Pods-InstagramClone-InstagramCloneUITests/Pods-InstagramClone-InstagramCloneUITests.release.xcconfig"; sourceTree = "<group>"; };
		B1D2F1FBB1D676C1039421B9 /* Pods_InstagramCloneTests.framework */ = {isa = PBXFileReference; explicitFileType = wrapper.framework; includeInIndex = 0; path = Pods_InstagramCloneTests.framework; sourceTree = BUILT_PRODUCTS_DIR; };
		B5A4A58FC02B8C09D93191A6 /* Pods_InstagramClone.framework */ = {isa = PBXFileReference; explicitFileType = wrapper.framework; includeInIndex = 0; path = Pods_InstagramClone.framework; sourceTree = BUILT_PRODUCTS_DIR; };
		B8C630A75C13B86859824987 /* Pods_InstagramClone_InstagramCloneUITests.framework */ = {isa = PBXFileReference; explicitFileType = wrapper.framework; includeInIndex = 0; path = Pods_InstagramClone_InstagramCloneUITests.framework; sourceTree = BUILT_PRODUCTS_DIR; };
		BB9FB9415DC1B127E16E6C3C /* Pods-InstagramClone.debug.xcconfig */ = {isa = PBXFileReference; includeInIndex = 1; lastKnownFileType = text.xcconfig; name = "Pods-InstagramClone.debug.xcconfig"; path = "Target Support Files/Pods-InstagramClone/Pods-InstagramClone.debug.xcconfig"; sourceTree = "<group>"; };
		C00F8A8E286A4BEF0096CB15 /* LogInViewController.h */ = {isa = PBXFileReference; lastKnownFileType = sourcecode.c.h; path = LogInViewController.h; sourceTree = "<group>"; };
		C00F8A8F286A4BEF0096CB15 /* LogInViewController.m */ = {isa = PBXFileReference; lastKnownFileType = sourcecode.c.objc; path = LogInViewController.m; sourceTree = "<group>"; };
		C0276223286A53D500DA5738 /* HomeFeedViewController.h */ = {isa = PBXFileReference; lastKnownFileType = sourcecode.c.h; path = HomeFeedViewController.h; sourceTree = "<group>"; };
		C0276224286A53D500DA5738 /* HomeFeedViewController.m */ = {isa = PBXFileReference; lastKnownFileType = sourcecode.c.objc; path = HomeFeedViewController.m; sourceTree = "<group>"; };
		C0276226286A53DE00DA5738 /* ProfileViewController.h */ = {isa = PBXFileReference; lastKnownFileType = sourcecode.c.h; path = ProfileViewController.h; sourceTree = "<group>"; };
		C0276227286A53DE00DA5738 /* ProfileViewController.m */ = {isa = PBXFileReference; lastKnownFileType = sourcecode.c.objc; path = ProfileViewController.m; sourceTree = "<group>"; };
		C0276229286A618200DA5738 /* PostViewController.h */ = {isa = PBXFileReference; lastKnownFileType = sourcecode.c.h; path = PostViewController.h; sourceTree = "<group>"; };
		C027622A286A618200DA5738 /* PostViewController.m */ = {isa = PBXFileReference; lastKnownFileType = sourcecode.c.objc; path = PostViewController.m; sourceTree = "<group>"; };
		C027622C286A703600DA5738 /* Post.h */ = {isa = PBXFileReference; lastKnownFileType = sourcecode.c.h; path = Post.h; sourceTree = "<group>"; };
		C027622D286A703600DA5738 /* Post.m */ = {isa = PBXFileReference; lastKnownFileType = sourcecode.c.objc; path = Post.m; sourceTree = "<group>"; };
		C05E01E4286B7F32000F3C7E /* PostDetailsViewController.h */ = {isa = PBXFileReference; lastKnownFileType = sourcecode.c.h; path = PostDetailsViewController.h; sourceTree = "<group>"; };
		C05E01E5286B7F32000F3C7E /* PostDetailsViewController.m */ = {isa = PBXFileReference; lastKnownFileType = sourcecode.c.objc; path = PostDetailsViewController.m; sourceTree = "<group>"; };
		C0A53EAD286B5E6700D81AF4 /* PostCell.h */ = {isa = PBXFileReference; lastKnownFileType = sourcecode.c.h; path = PostCell.h; sourceTree = "<group>"; };
		C0A53EAE286B5E6700D81AF4 /* PostCell.m */ = {isa = PBXFileReference; lastKnownFileType = sourcecode.c.objc; path = PostCell.m; sourceTree = "<group>"; };
		C0ADF4E9286A463600666237 /* InstagramClone.app */ = {isa = PBXFileReference; explicitFileType = wrapper.application; includeInIndex = 0; path = InstagramClone.app; sourceTree = BUILT_PRODUCTS_DIR; };
		C0ADF4EC286A463600666237 /* AppDelegate.h */ = {isa = PBXFileReference; lastKnownFileType = sourcecode.c.h; path = AppDelegate.h; sourceTree = "<group>"; };
		C0ADF4ED286A463600666237 /* AppDelegate.m */ = {isa = PBXFileReference; lastKnownFileType = sourcecode.c.objc; path = AppDelegate.m; sourceTree = "<group>"; };
		C0ADF4EF286A463600666237 /* SceneDelegate.h */ = {isa = PBXFileReference; lastKnownFileType = sourcecode.c.h; path = SceneDelegate.h; sourceTree = "<group>"; };
		C0ADF4F0286A463600666237 /* SceneDelegate.m */ = {isa = PBXFileReference; lastKnownFileType = sourcecode.c.objc; path = SceneDelegate.m; sourceTree = "<group>"; };
		C0ADF4F6286A463600666237 /* Base */ = {isa = PBXFileReference; lastKnownFileType = file.storyboard; name = Base; path = Base.lproj/Main.storyboard; sourceTree = "<group>"; };
		C0ADF4F8286A463600666237 /* Assets.xcassets */ = {isa = PBXFileReference; lastKnownFileType = folder.assetcatalog; path = Assets.xcassets; sourceTree = "<group>"; };
		C0ADF4FB286A463600666237 /* Base */ = {isa = PBXFileReference; lastKnownFileType = file.storyboard; name = Base; path = Base.lproj/LaunchScreen.storyboard; sourceTree = "<group>"; };
		C0ADF4FD286A463600666237 /* Info.plist */ = {isa = PBXFileReference; lastKnownFileType = text.plist.xml; path = Info.plist; sourceTree = "<group>"; };
		C0ADF4FE286A463600666237 /* main.m */ = {isa = PBXFileReference; lastKnownFileType = sourcecode.c.objc; path = main.m; sourceTree = "<group>"; };
		C0ADF504286A463600666237 /* InstagramCloneTests.xctest */ = {isa = PBXFileReference; explicitFileType = wrapper.cfbundle; includeInIndex = 0; path = InstagramCloneTests.xctest; sourceTree = BUILT_PRODUCTS_DIR; };
		C0ADF508286A463600666237 /* InstagramCloneTests.m */ = {isa = PBXFileReference; lastKnownFileType = sourcecode.c.objc; path = InstagramCloneTests.m; sourceTree = "<group>"; };
		C0ADF50E286A463700666237 /* InstagramCloneUITests.xctest */ = {isa = PBXFileReference; explicitFileType = wrapper.cfbundle; includeInIndex = 0; path = InstagramCloneUITests.xctest; sourceTree = BUILT_PRODUCTS_DIR; };
		C0ADF512286A463700666237 /* InstagramCloneUITests.m */ = {isa = PBXFileReference; lastKnownFileType = sourcecode.c.objc; path = InstagramCloneUITests.m; sourceTree = "<group>"; };
		C0ADF514286A463700666237 /* InstagramCloneUITestsLaunchTests.m */ = {isa = PBXFileReference; lastKnownFileType = sourcecode.c.objc; path = InstagramCloneUITestsLaunchTests.m; sourceTree = "<group>"; };
		E239A11CEA68EC974546EDA1 /* Pods-InstagramCloneTests.debug.xcconfig */ = {isa = PBXFileReference; includeInIndex = 1; lastKnownFileType = text.xcconfig; name = "Pods-InstagramCloneTests.debug.xcconfig"; path = "Target Support Files/Pods-InstagramCloneTests/Pods-InstagramCloneTests.debug.xcconfig"; sourceTree = "<group>"; };
		E76F0197828E03374E5314E7 /* Pods-InstagramCloneTests.release.xcconfig */ = {isa = PBXFileReference; includeInIndex = 1; lastKnownFileType = text.xcconfig; name = "Pods-InstagramCloneTests.release.xcconfig"; path = "Target Support Files/Pods-InstagramCloneTests/Pods-InstagramCloneTests.release.xcconfig"; sourceTree = "<group>"; };
/* End PBXFileReference section */

/* Begin PBXFrameworksBuildPhase section */
		C0ADF4E6286A463600666237 /* Frameworks */ = {
			isa = PBXFrameworksBuildPhase;
			buildActionMask = 2147483647;
			files = (
				9863292177D3EC5E7B2ABC99 /* Pods_InstagramClone.framework in Frameworks */,
			);
			runOnlyForDeploymentPostprocessing = 0;
		};
		C0ADF501286A463600666237 /* Frameworks */ = {
			isa = PBXFrameworksBuildPhase;
			buildActionMask = 2147483647;
			files = (
				D105AF852D3C274FAFC8E53C /* Pods_InstagramCloneTests.framework in Frameworks */,
			);
			runOnlyForDeploymentPostprocessing = 0;
		};
		C0ADF50B286A463700666237 /* Frameworks */ = {
			isa = PBXFrameworksBuildPhase;
			buildActionMask = 2147483647;
			files = (
				5F09EFA479D4F5AC63593F1C /* Pods_InstagramClone_InstagramCloneUITests.framework in Frameworks */,
			);
			runOnlyForDeploymentPostprocessing = 0;
		};
/* End PBXFrameworksBuildPhase section */

/* Begin PBXGroup section */
		25FC28C20AACF3267DA81729 /* Pods */ = {
			isa = PBXGroup;
			children = (
				BB9FB9415DC1B127E16E6C3C /* Pods-InstagramClone.debug.xcconfig */,
				0E27BC4F1EF4BD85C4561248 /* Pods-InstagramClone.release.xcconfig */,
				1BA047BC20F52539D964B924 /* Pods-InstagramClone-InstagramCloneUITests.debug.xcconfig */,
				9C6A21FAF1D747FC36F6FE77 /* Pods-InstagramClone-InstagramCloneUITests.release.xcconfig */,
				E239A11CEA68EC974546EDA1 /* Pods-InstagramCloneTests.debug.xcconfig */,
				E76F0197828E03374E5314E7 /* Pods-InstagramCloneTests.release.xcconfig */,
			);
			path = Pods;
			sourceTree = "<group>";
		};
		BFE4AA4E924B1A643F25C9FE /* Frameworks */ = {
			isa = PBXGroup;
			children = (
				B5A4A58FC02B8C09D93191A6 /* Pods_InstagramClone.framework */,
				B8C630A75C13B86859824987 /* Pods_InstagramClone_InstagramCloneUITests.framework */,
				B1D2F1FBB1D676C1039421B9 /* Pods_InstagramCloneTests.framework */,
			);
			name = Frameworks;
			sourceTree = "<group>";
		};
		C00F8A91286A4BF90096CB15 /* View Controllers */ = {
			isa = PBXGroup;
			children = (
				C00F8A8E286A4BEF0096CB15 /* LogInViewController.h */,
				C00F8A8F286A4BEF0096CB15 /* LogInViewController.m */,
				C0276223286A53D500DA5738 /* HomeFeedViewController.h */,
				C0276224286A53D500DA5738 /* HomeFeedViewController.m */,
				C05E01E4286B7F32000F3C7E /* PostDetailsViewController.h */,
				C05E01E5286B7F32000F3C7E /* PostDetailsViewController.m */,
				C0276226286A53DE00DA5738 /* ProfileViewController.h */,
				C0276227286A53DE00DA5738 /* ProfileViewController.m */,
				C0276229286A618200DA5738 /* PostViewController.h */,
				C027622A286A618200DA5738 /* PostViewController.m */,
			);
			path = "View Controllers";
			sourceTree = "<group>";
		};
		C0ADF4E0286A463600666237 = {
			isa = PBXGroup;
			children = (
				C0ADF4EB286A463600666237 /* InstagramClone */,
				C0ADF507286A463600666237 /* InstagramCloneTests */,
				C0ADF511286A463700666237 /* InstagramCloneUITests */,
				C0ADF4EA286A463600666237 /* Products */,
				25FC28C20AACF3267DA81729 /* Pods */,
				BFE4AA4E924B1A643F25C9FE /* Frameworks */,
			);
			sourceTree = "<group>";
		};
		C0ADF4EA286A463600666237 /* Products */ = {
			isa = PBXGroup;
			children = (
				C0ADF4E9286A463600666237 /* InstagramClone.app */,
				C0ADF504286A463600666237 /* InstagramCloneTests.xctest */,
				C0ADF50E286A463700666237 /* InstagramCloneUITests.xctest */,
			);
			name = Products;
			sourceTree = "<group>";
		};
		C0ADF4EB286A463600666237 /* InstagramClone */ = {
			isa = PBXGroup;
			children = (
				C00F8A91286A4BF90096CB15 /* View Controllers */,
				C0ADF4EC286A463600666237 /* AppDelegate.h */,
				C0ADF4ED286A463600666237 /* AppDelegate.m */,
				C0ADF4EF286A463600666237 /* SceneDelegate.h */,
				C0ADF4F0286A463600666237 /* SceneDelegate.m */,
				C0ADF4F5286A463600666237 /* Main.storyboard */,
				C0A53EAD286B5E6700D81AF4 /* PostCell.h */,
				C0A53EAE286B5E6700D81AF4 /* PostCell.m */,
				C0ADF4F8286A463600666237 /* Assets.xcassets */,
				C0ADF4FA286A463600666237 /* LaunchScreen.storyboard */,
				C0ADF4FD286A463600666237 /* Info.plist */,
				C0ADF4FE286A463600666237 /* main.m */,
				C027622C286A703600DA5738 /* Post.h */,
				C027622D286A703600DA5738 /* Post.m */,
			);
			path = InstagramClone;
			sourceTree = "<group>";
		};
		C0ADF507286A463600666237 /* InstagramCloneTests */ = {
			isa = PBXGroup;
			children = (
				C0ADF508286A463600666237 /* InstagramCloneTests.m */,
			);
			path = InstagramCloneTests;
			sourceTree = "<group>";
		};
		C0ADF511286A463700666237 /* InstagramCloneUITests */ = {
			isa = PBXGroup;
			children = (
				C0ADF512286A463700666237 /* InstagramCloneUITests.m */,
				C0ADF514286A463700666237 /* InstagramCloneUITestsLaunchTests.m */,
			);
			path = InstagramCloneUITests;
			sourceTree = "<group>";
		};
/* End PBXGroup section */

/* Begin PBXNativeTarget section */
		C0ADF4E8286A463600666237 /* InstagramClone */ = {
			isa = PBXNativeTarget;
			buildConfigurationList = C0ADF518286A463700666237 /* Build configuration list for PBXNativeTarget "InstagramClone" */;
			buildPhases = (
				7507E100C59E04E594668245 /* [CP] Check Pods Manifest.lock */,
				C0ADF4E5286A463600666237 /* Sources */,
				C0ADF4E6286A463600666237 /* Frameworks */,
				C0ADF4E7286A463600666237 /* Resources */,
				2D863865E1D856D7D72E1219 /* [CP] Embed Pods Frameworks */,
			);
			buildRules = (
			);
			dependencies = (
			);
			name = InstagramClone;
			productName = InstagramClone;
			productReference = C0ADF4E9286A463600666237 /* InstagramClone.app */;
			productType = "com.apple.product-type.application";
		};
		C0ADF503286A463600666237 /* InstagramCloneTests */ = {
			isa = PBXNativeTarget;
			buildConfigurationList = C0ADF51B286A463700666237 /* Build configuration list for PBXNativeTarget "InstagramCloneTests" */;
			buildPhases = (
				AEE17F267952F5D774D480CE /* [CP] Check Pods Manifest.lock */,
				C0ADF500286A463600666237 /* Sources */,
				C0ADF501286A463600666237 /* Frameworks */,
				C0ADF502286A463600666237 /* Resources */,
			);
			buildRules = (
			);
			dependencies = (
				C0ADF506286A463600666237 /* PBXTargetDependency */,
			);
			name = InstagramCloneTests;
			productName = InstagramCloneTests;
			productReference = C0ADF504286A463600666237 /* InstagramCloneTests.xctest */;
			productType = "com.apple.product-type.bundle.unit-test";
		};
		C0ADF50D286A463700666237 /* InstagramCloneUITests */ = {
			isa = PBXNativeTarget;
			buildConfigurationList = C0ADF51E286A463700666237 /* Build configuration list for PBXNativeTarget "InstagramCloneUITests" */;
			buildPhases = (
				A83915650B6C9AF89785A50A /* [CP] Check Pods Manifest.lock */,
				C0ADF50A286A463700666237 /* Sources */,
				C0ADF50B286A463700666237 /* Frameworks */,
				C0ADF50C286A463700666237 /* Resources */,
				F6E3AEBC9E270970CE34BD6F /* [CP] Embed Pods Frameworks */,
			);
			buildRules = (
			);
			dependencies = (
				C0ADF510286A463700666237 /* PBXTargetDependency */,
			);
			name = InstagramCloneUITests;
			productName = InstagramCloneUITests;
			productReference = C0ADF50E286A463700666237 /* InstagramCloneUITests.xctest */;
			productType = "com.apple.product-type.bundle.ui-testing";
		};
/* End PBXNativeTarget section */

/* Begin PBXProject section */
		C0ADF4E1286A463600666237 /* Project object */ = {
			isa = PBXProject;
			attributes = {
				BuildIndependentTargetsInParallel = 1;
				LastUpgradeCheck = 1340;
				TargetAttributes = {
					C0ADF4E8286A463600666237 = {
						CreatedOnToolsVersion = 13.4;
					};
					C0ADF503286A463600666237 = {
						CreatedOnToolsVersion = 13.4;
						TestTargetID = C0ADF4E8286A463600666237;
					};
					C0ADF50D286A463700666237 = {
						CreatedOnToolsVersion = 13.4;
						TestTargetID = C0ADF4E8286A463600666237;
					};
				};
			};
			buildConfigurationList = C0ADF4E4286A463600666237 /* Build configuration list for PBXProject "InstagramClone" */;
			compatibilityVersion = "Xcode 13.0";
			developmentRegion = en;
			hasScannedForEncodings = 0;
			knownRegions = (
				en,
				Base,
			);
			mainGroup = C0ADF4E0286A463600666237;
			productRefGroup = C0ADF4EA286A463600666237 /* Products */;
			projectDirPath = "";
			projectRoot = "";
			targets = (
				C0ADF4E8286A463600666237 /* InstagramClone */,
				C0ADF503286A463600666237 /* InstagramCloneTests */,
				C0ADF50D286A463700666237 /* InstagramCloneUITests */,
			);
		};
/* End PBXProject section */

/* Begin PBXResourcesBuildPhase section */
		C0ADF4E7286A463600666237 /* Resources */ = {
			isa = PBXResourcesBuildPhase;
			buildActionMask = 2147483647;
			files = (
				C0ADF4FC286A463600666237 /* LaunchScreen.storyboard in Resources */,
				C0ADF4F9286A463600666237 /* Assets.xcassets in Resources */,
				C0ADF4F7286A463600666237 /* Main.storyboard in Resources */,
			);
			runOnlyForDeploymentPostprocessing = 0;
		};
		C0ADF502286A463600666237 /* Resources */ = {
			isa = PBXResourcesBuildPhase;
			buildActionMask = 2147483647;
			files = (
			);
			runOnlyForDeploymentPostprocessing = 0;
		};
		C0ADF50C286A463700666237 /* Resources */ = {
			isa = PBXResourcesBuildPhase;
			buildActionMask = 2147483647;
			files = (
			);
			runOnlyForDeploymentPostprocessing = 0;
		};
/* End PBXResourcesBuildPhase section */

/* Begin PBXShellScriptBuildPhase section */
		2D863865E1D856D7D72E1219 /* [CP] Embed Pods Frameworks */ = {
			isa = PBXShellScriptBuildPhase;
			buildActionMask = 2147483647;
			files = (
			);
			inputFileListPaths = (
				"${PODS_ROOT}/Target Support Files/Pods-InstagramClone/Pods-InstagramClone-frameworks-${CONFIGURATION}-input-files.xcfilelist",
			);
			name = "[CP] Embed Pods Frameworks";
			outputFileListPaths = (
				"${PODS_ROOT}/Target Support Files/Pods-InstagramClone/Pods-InstagramClone-frameworks-${CONFIGURATION}-output-files.xcfilelist",
			);
			runOnlyForDeploymentPostprocessing = 0;
			shellPath = /bin/sh;
			shellScript = "\"${PODS_ROOT}/Target Support Files/Pods-InstagramClone/Pods-InstagramClone-frameworks.sh\"\n";
			showEnvVarsInLog = 0;
		};
		7507E100C59E04E594668245 /* [CP] Check Pods Manifest.lock */ = {
			isa = PBXShellScriptBuildPhase;
			buildActionMask = 2147483647;
			files = (
			);
			inputFileListPaths = (
			);
			inputPaths = (
				"${PODS_PODFILE_DIR_PATH}/Podfile.lock",
				"${PODS_ROOT}/Manifest.lock",
			);
			name = "[CP] Check Pods Manifest.lock";
			outputFileListPaths = (
			);
			outputPaths = (
				"$(DERIVED_FILE_DIR)/Pods-InstagramClone-checkManifestLockResult.txt",
			);
			runOnlyForDeploymentPostprocessing = 0;
			shellPath = /bin/sh;
			shellScript = "diff \"${PODS_PODFILE_DIR_PATH}/Podfile.lock\" \"${PODS_ROOT}/Manifest.lock\" > /dev/null\nif [ $? != 0 ] ; then\n    # print error to STDERR\n    echo \"error: The sandbox is not in sync with the Podfile.lock. Run 'pod install' or update your CocoaPods installation.\" >&2\n    exit 1\nfi\n# This output is used by Xcode 'outputs' to avoid re-running this script phase.\necho \"SUCCESS\" > \"${SCRIPT_OUTPUT_FILE_0}\"\n";
			showEnvVarsInLog = 0;
		};
		A83915650B6C9AF89785A50A /* [CP] Check Pods Manifest.lock */ = {
			isa = PBXShellScriptBuildPhase;
			buildActionMask = 2147483647;
			files = (
			);
			inputFileListPaths = (
			);
			inputPaths = (
				"${PODS_PODFILE_DIR_PATH}/Podfile.lock",
				"${PODS_ROOT}/Manifest.lock",
			);
			name = "[CP] Check Pods Manifest.lock";
			outputFileListPaths = (
			);
			outputPaths = (
				"$(DERIVED_FILE_DIR)/Pods-InstagramClone-InstagramCloneUITests-checkManifestLockResult.txt",
			);
			runOnlyForDeploymentPostprocessing = 0;
			shellPath = /bin/sh;
			shellScript = "diff \"${PODS_PODFILE_DIR_PATH}/Podfile.lock\" \"${PODS_ROOT}/Manifest.lock\" > /dev/null\nif [ $? != 0 ] ; then\n    # print error to STDERR\n    echo \"error: The sandbox is not in sync with the Podfile.lock. Run 'pod install' or update your CocoaPods installation.\" >&2\n    exit 1\nfi\n# This output is used by Xcode 'outputs' to avoid re-running this script phase.\necho \"SUCCESS\" > \"${SCRIPT_OUTPUT_FILE_0}\"\n";
			showEnvVarsInLog = 0;
		};
		AEE17F267952F5D774D480CE /* [CP] Check Pods Manifest.lock */ = {
			isa = PBXShellScriptBuildPhase;
			buildActionMask = 2147483647;
			files = (
			);
			inputFileListPaths = (
			);
			inputPaths = (
				"${PODS_PODFILE_DIR_PATH}/Podfile.lock",
				"${PODS_ROOT}/Manifest.lock",
			);
			name = "[CP] Check Pods Manifest.lock";
			outputFileListPaths = (
			);
			outputPaths = (
				"$(DERIVED_FILE_DIR)/Pods-InstagramCloneTests-checkManifestLockResult.txt",
			);
			runOnlyForDeploymentPostprocessing = 0;
			shellPath = /bin/sh;
			shellScript = "diff \"${PODS_PODFILE_DIR_PATH}/Podfile.lock\" \"${PODS_ROOT}/Manifest.lock\" > /dev/null\nif [ $? != 0 ] ; then\n    # print error to STDERR\n    echo \"error: The sandbox is not in sync with the Podfile.lock. Run 'pod install' or update your CocoaPods installation.\" >&2\n    exit 1\nfi\n# This output is used by Xcode 'outputs' to avoid re-running this script phase.\necho \"SUCCESS\" > \"${SCRIPT_OUTPUT_FILE_0}\"\n";
			showEnvVarsInLog = 0;
		};
		F6E3AEBC9E270970CE34BD6F /* [CP] Embed Pods Frameworks */ = {
			isa = PBXShellScriptBuildPhase;
			buildActionMask = 2147483647;
			files = (
			);
			inputFileListPaths = (
				"${PODS_ROOT}/Target Support Files/Pods-InstagramClone-InstagramCloneUITests/Pods-InstagramClone-InstagramCloneUITests-frameworks-${CONFIGURATION}-input-files.xcfilelist",
			);
			name = "[CP] Embed Pods Frameworks";
			outputFileListPaths = (
				"${PODS_ROOT}/Target Support Files/Pods-InstagramClone-InstagramCloneUITests/Pods-InstagramClone-InstagramCloneUITests-frameworks-${CONFIGURATION}-output-files.xcfilelist",
			);
			runOnlyForDeploymentPostprocessing = 0;
			shellPath = /bin/sh;
			shellScript = "\"${PODS_ROOT}/Target Support Files/Pods-InstagramClone-InstagramCloneUITests/Pods-InstagramClone-InstagramCloneUITests-frameworks.sh\"\n";
			showEnvVarsInLog = 0;
		};
/* End PBXShellScriptBuildPhase section */

/* Begin PBXSourcesBuildPhase section */
		C0ADF4E5286A463600666237 /* Sources */ = {
			isa = PBXSourcesBuildPhase;
			buildActionMask = 2147483647;
			files = (
				C027622B286A618200DA5738 /* PostViewController.m in Sources */,
				C0276225286A53D500DA5738 /* HomeFeedViewController.m in Sources */,
				C0ADF4EE286A463600666237 /* AppDelegate.m in Sources */,
				C00F8A90286A4BEF0096CB15 /* LogInViewController.m in Sources */,
				C0ADF4FF286A463600666237 /* main.m in Sources */,
				C0A53EAF286B5E6700D81AF4 /* PostCell.m in Sources */,
				C0276228286A53DE00DA5738 /* ProfileViewController.m in Sources */,
				C05E01E6286B7F32000F3C7E /* PostDetailsViewController.m in Sources */,
				C0ADF4F1286A463600666237 /* SceneDelegate.m in Sources */,
				C027622E286A703600DA5738 /* Post.m in Sources */,
			);
			runOnlyForDeploymentPostprocessing = 0;
		};
		C0ADF500286A463600666237 /* Sources */ = {
			isa = PBXSourcesBuildPhase;
			buildActionMask = 2147483647;
			files = (
				C0ADF509286A463600666237 /* InstagramCloneTests.m in Sources */,
			);
			runOnlyForDeploymentPostprocessing = 0;
		};
		C0ADF50A286A463700666237 /* Sources */ = {
			isa = PBXSourcesBuildPhase;
			buildActionMask = 2147483647;
			files = (
				C0ADF513286A463700666237 /* InstagramCloneUITests.m in Sources */,
				C0ADF515286A463700666237 /* InstagramCloneUITestsLaunchTests.m in Sources */,
			);
			runOnlyForDeploymentPostprocessing = 0;
		};
/* End PBXSourcesBuildPhase section */

/* Begin PBXTargetDependency section */
		C0ADF506286A463600666237 /* PBXTargetDependency */ = {
			isa = PBXTargetDependency;
			target = C0ADF4E8286A463600666237 /* InstagramClone */;
			targetProxy = C0ADF505286A463600666237 /* PBXContainerItemProxy */;
		};
		C0ADF510286A463700666237 /* PBXTargetDependency */ = {
			isa = PBXTargetDependency;
			target = C0ADF4E8286A463600666237 /* InstagramClone */;
			targetProxy = C0ADF50F286A463700666237 /* PBXContainerItemProxy */;
		};
/* End PBXTargetDependency section */

/* Begin PBXVariantGroup section */
		C0ADF4F5286A463600666237 /* Main.storyboard */ = {
			isa = PBXVariantGroup;
			children = (
				C0ADF4F6286A463600666237 /* Base */,
			);
			name = Main.storyboard;
			sourceTree = "<group>";
		};
		C0ADF4FA286A463600666237 /* LaunchScreen.storyboard */ = {
			isa = PBXVariantGroup;
			children = (
				C0ADF4FB286A463600666237 /* Base */,
			);
			name = LaunchScreen.storyboard;
			sourceTree = "<group>";
		};
/* End PBXVariantGroup section */

/* Begin XCBuildConfiguration section */
		C0ADF516286A463700666237 /* Debug */ = {
			isa = XCBuildConfiguration;
			buildSettings = {
				ALWAYS_SEARCH_USER_PATHS = NO;
				CLANG_ANALYZER_NONNULL = YES;
				CLANG_ANALYZER_NUMBER_OBJECT_CONVERSION = YES_AGGRESSIVE;
				CLANG_CXX_LANGUAGE_STANDARD = "gnu++17";
				CLANG_ENABLE_MODULES = YES;
				CLANG_ENABLE_OBJC_ARC = YES;
				CLANG_ENABLE_OBJC_WEAK = YES;
				CLANG_WARN_BLOCK_CAPTURE_AUTORELEASING = YES;
				CLANG_WARN_BOOL_CONVERSION = YES;
				CLANG_WARN_COMMA = YES;
				CLANG_WARN_CONSTANT_CONVERSION = YES;
				CLANG_WARN_DEPRECATED_OBJC_IMPLEMENTATIONS = YES;
				CLANG_WARN_DIRECT_OBJC_ISA_USAGE = YES_ERROR;
				CLANG_WARN_DOCUMENTATION_COMMENTS = YES;
				CLANG_WARN_EMPTY_BODY = YES;
				CLANG_WARN_ENUM_CONVERSION = YES;
				CLANG_WARN_INFINITE_RECURSION = YES;
				CLANG_WARN_INT_CONVERSION = YES;
				CLANG_WARN_NON_LITERAL_NULL_CONVERSION = YES;
				CLANG_WARN_OBJC_IMPLICIT_RETAIN_SELF = YES;
				CLANG_WARN_OBJC_LITERAL_CONVERSION = YES;
				CLANG_WARN_OBJC_ROOT_CLASS = YES_ERROR;
				CLANG_WARN_QUOTED_INCLUDE_IN_FRAMEWORK_HEADER = YES;
				CLANG_WARN_RANGE_LOOP_ANALYSIS = YES;
				CLANG_WARN_STRICT_PROTOTYPES = YES;
				CLANG_WARN_SUSPICIOUS_MOVE = YES;
				CLANG_WARN_UNGUARDED_AVAILABILITY = YES_AGGRESSIVE;
				CLANG_WARN_UNREACHABLE_CODE = YES;
				CLANG_WARN__DUPLICATE_METHOD_MATCH = YES;
				COPY_PHASE_STRIP = NO;
				DEBUG_INFORMATION_FORMAT = dwarf;
				ENABLE_STRICT_OBJC_MSGSEND = YES;
				ENABLE_TESTABILITY = YES;
				GCC_C_LANGUAGE_STANDARD = gnu11;
				GCC_DYNAMIC_NO_PIC = NO;
				GCC_NO_COMMON_BLOCKS = YES;
				GCC_OPTIMIZATION_LEVEL = 0;
				GCC_PREPROCESSOR_DEFINITIONS = (
					"DEBUG=1",
					"$(inherited)",
				);
				GCC_WARN_64_TO_32_BIT_CONVERSION = YES;
				GCC_WARN_ABOUT_RETURN_TYPE = YES_ERROR;
				GCC_WARN_UNDECLARED_SELECTOR = YES;
				GCC_WARN_UNINITIALIZED_AUTOS = YES_AGGRESSIVE;
				GCC_WARN_UNUSED_FUNCTION = YES;
				GCC_WARN_UNUSED_VARIABLE = YES;
				IPHONEOS_DEPLOYMENT_TARGET = 15.5;
				MTL_ENABLE_DEBUG_INFO = INCLUDE_SOURCE;
				MTL_FAST_MATH = YES;
				ONLY_ACTIVE_ARCH = YES;
				SDKROOT = iphoneos;
			};
			name = Debug;
		};
		C0ADF517286A463700666237 /* Release */ = {
			isa = XCBuildConfiguration;
			buildSettings = {
				ALWAYS_SEARCH_USER_PATHS = NO;
				CLANG_ANALYZER_NONNULL = YES;
				CLANG_ANALYZER_NUMBER_OBJECT_CONVERSION = YES_AGGRESSIVE;
				CLANG_CXX_LANGUAGE_STANDARD = "gnu++17";
				CLANG_ENABLE_MODULES = YES;
				CLANG_ENABLE_OBJC_ARC = YES;
				CLANG_ENABLE_OBJC_WEAK = YES;
				CLANG_WARN_BLOCK_CAPTURE_AUTORELEASING = YES;
				CLANG_WARN_BOOL_CONVERSION = YES;
				CLANG_WARN_COMMA = YES;
				CLANG_WARN_CONSTANT_CONVERSION = YES;
				CLANG_WARN_DEPRECATED_OBJC_IMPLEMENTATIONS = YES;
				CLANG_WARN_DIRECT_OBJC_ISA_USAGE = YES_ERROR;
				CLANG_WARN_DOCUMENTATION_COMMENTS = YES;
				CLANG_WARN_EMPTY_BODY = YES;
				CLANG_WARN_ENUM_CONVERSION = YES;
				CLANG_WARN_INFINITE_RECURSION = YES;
				CLANG_WARN_INT_CONVERSION = YES;
				CLANG_WARN_NON_LITERAL_NULL_CONVERSION = YES;
				CLANG_WARN_OBJC_IMPLICIT_RETAIN_SELF = YES;
				CLANG_WARN_OBJC_LITERAL_CONVERSION = YES;
				CLANG_WARN_OBJC_ROOT_CLASS = YES_ERROR;
				CLANG_WARN_QUOTED_INCLUDE_IN_FRAMEWORK_HEADER = YES;
				CLANG_WARN_RANGE_LOOP_ANALYSIS = YES;
				CLANG_WARN_STRICT_PROTOTYPES = YES;
				CLANG_WARN_SUSPICIOUS_MOVE = YES;
				CLANG_WARN_UNGUARDED_AVAILABILITY = YES_AGGRESSIVE;
				CLANG_WARN_UNREACHABLE_CODE = YES;
				CLANG_WARN__DUPLICATE_METHOD_MATCH = YES;
				COPY_PHASE_STRIP = NO;
				DEBUG_INFORMATION_FORMAT = "dwarf-with-dsym";
				ENABLE_NS_ASSERTIONS = NO;
				ENABLE_STRICT_OBJC_MSGSEND = YES;
				GCC_C_LANGUAGE_STANDARD = gnu11;
				GCC_NO_COMMON_BLOCKS = YES;
				GCC_WARN_64_TO_32_BIT_CONVERSION = YES;
				GCC_WARN_ABOUT_RETURN_TYPE = YES_ERROR;
				GCC_WARN_UNDECLARED_SELECTOR = YES;
				GCC_WARN_UNINITIALIZED_AUTOS = YES_AGGRESSIVE;
				GCC_WARN_UNUSED_FUNCTION = YES;
				GCC_WARN_UNUSED_VARIABLE = YES;
				IPHONEOS_DEPLOYMENT_TARGET = 15.5;
				MTL_ENABLE_DEBUG_INFO = NO;
				MTL_FAST_MATH = YES;
				SDKROOT = iphoneos;
				VALIDATE_PRODUCT = YES;
			};
			name = Release;
		};
		C0ADF519286A463700666237 /* Debug */ = {
			isa = XCBuildConfiguration;
			baseConfigurationReference = BB9FB9415DC1B127E16E6C3C /* Pods-InstagramClone.debug.xcconfig */;
			buildSettings = {
				ASSETCATALOG_COMPILER_APPICON_NAME = AppIcon;
				ASSETCATALOG_COMPILER_GLOBAL_ACCENT_COLOR_NAME = AccentColor;
				CODE_SIGN_STYLE = Automatic;
				CURRENT_PROJECT_VERSION = 1;
				DEVELOPMENT_TEAM = L5XH9X87X6;
				GENERATE_INFOPLIST_FILE = YES;
				INFOPLIST_FILE = InstagramClone/Info.plist;
				INFOPLIST_KEY_UIApplicationSupportsIndirectInputEvents = YES;
				INFOPLIST_KEY_UILaunchStoryboardName = LaunchScreen;
				INFOPLIST_KEY_UIMainStoryboardFile = Main;
				INFOPLIST_KEY_UISupportedInterfaceOrientations_iPad = "UIInterfaceOrientationPortrait UIInterfaceOrientationPortraitUpsideDown UIInterfaceOrientationLandscapeLeft UIInterfaceOrientationLandscapeRight";
				INFOPLIST_KEY_UISupportedInterfaceOrientations_iPhone = "UIInterfaceOrientationPortrait UIInterfaceOrientationLandscapeLeft UIInterfaceOrientationLandscapeRight";
				LD_RUNPATH_SEARCH_PATHS = (
					"$(inherited)",
					"@executable_path/Frameworks",
				);
				MARKETING_VERSION = 1.0;
				PRODUCT_BUNDLE_IDENTIFIER = com.codepath.InstagramClone;
				PRODUCT_NAME = "$(TARGET_NAME)";
				SWIFT_EMIT_LOC_STRINGS = YES;
				TARGETED_DEVICE_FAMILY = "1,2";
			};
			name = Debug;
		};
		C0ADF51A286A463700666237 /* Release */ = {
			isa = XCBuildConfiguration;
			baseConfigurationReference = 0E27BC4F1EF4BD85C4561248 /* Pods-InstagramClone.release.xcconfig */;
			buildSettings = {
				ASSETCATALOG_COMPILER_APPICON_NAME = AppIcon;
				ASSETCATALOG_COMPILER_GLOBAL_ACCENT_COLOR_NAME = AccentColor;
				CODE_SIGN_STYLE = Automatic;
				CURRENT_PROJECT_VERSION = 1;
				DEVELOPMENT_TEAM = L5XH9X87X6;
				GENERATE_INFOPLIST_FILE = YES;
				INFOPLIST_FILE = InstagramClone/Info.plist;
				INFOPLIST_KEY_UIApplicationSupportsIndirectInputEvents = YES;
				INFOPLIST_KEY_UILaunchStoryboardName = LaunchScreen;
				INFOPLIST_KEY_UIMainStoryboardFile = Main;
				INFOPLIST_KEY_UISupportedInterfaceOrientations_iPad = "UIInterfaceOrientationPortrait UIInterfaceOrientationPortraitUpsideDown UIInterfaceOrientationLandscapeLeft UIInterfaceOrientationLandscapeRight";
				INFOPLIST_KEY_UISupportedInterfaceOrientations_iPhone = "UIInterfaceOrientationPortrait UIInterfaceOrientationLandscapeLeft UIInterfaceOrientationLandscapeRight";
				LD_RUNPATH_SEARCH_PATHS = (
					"$(inherited)",
					"@executable_path/Frameworks",
				);
				MARKETING_VERSION = 1.0;
				PRODUCT_BUNDLE_IDENTIFIER = com.codepath.InstagramClone;
				PRODUCT_NAME = "$(TARGET_NAME)";
				SWIFT_EMIT_LOC_STRINGS = YES;
				TARGETED_DEVICE_FAMILY = "1,2";
			};
			name = Release;
		};
		C0ADF51C286A463700666237 /* Debug */ = {
			isa = XCBuildConfiguration;
			baseConfigurationReference = E239A11CEA68EC974546EDA1 /* Pods-InstagramCloneTests.debug.xcconfig */;
			buildSettings = {
				BUNDLE_LOADER = "$(TEST_HOST)";
				CODE_SIGN_STYLE = Automatic;
				CURRENT_PROJECT_VERSION = 1;
				DEVELOPMENT_TEAM = L5XH9X87X6;
				GENERATE_INFOPLIST_FILE = YES;
				IPHONEOS_DEPLOYMENT_TARGET = 15.5;
				MARKETING_VERSION = 1.0;
				PRODUCT_BUNDLE_IDENTIFIER = com.codepath.InstagramCloneTests;
				PRODUCT_NAME = "$(TARGET_NAME)";
				SWIFT_EMIT_LOC_STRINGS = NO;
				TARGETED_DEVICE_FAMILY = "1,2";
				TEST_HOST = "$(BUILT_PRODUCTS_DIR)/InstagramClone.app/InstagramClone";
			};
			name = Debug;
		};
		C0ADF51D286A463700666237 /* Release */ = {
			isa = XCBuildConfiguration;
			baseConfigurationReference = E76F0197828E03374E5314E7 /* Pods-InstagramCloneTests.release.xcconfig */;
			buildSettings = {
				BUNDLE_LOADER = "$(TEST_HOST)";
				CODE_SIGN_STYLE = Automatic;
				CURRENT_PROJECT_VERSION = 1;
				DEVELOPMENT_TEAM = L5XH9X87X6;
				GENERATE_INFOPLIST_FILE = YES;
				IPHONEOS_DEPLOYMENT_TARGET = 15.5;
				MARKETING_VERSION = 1.0;
				PRODUCT_BUNDLE_IDENTIFIER = com.codepath.InstagramCloneTests;
				PRODUCT_NAME = "$(TARGET_NAME)";
				SWIFT_EMIT_LOC_STRINGS = NO;
				TARGETED_DEVICE_FAMILY = "1,2";
				TEST_HOST = "$(BUILT_PRODUCTS_DIR)/InstagramClone.app/InstagramClone";
			};
			name = Release;
		};
		C0ADF51F286A463700666237 /* Debug */ = {
			isa = XCBuildConfiguration;
			baseConfigurationReference = 1BA047BC20F52539D964B924 /* Pods-InstagramClone-InstagramCloneUITests.debug.xcconfig */;
			buildSettings = {
				CODE_SIGN_STYLE = Automatic;
				CURRENT_PROJECT_VERSION = 1;
				DEVELOPMENT_TEAM = L5XH9X87X6;
				GENERATE_INFOPLIST_FILE = YES;
				MARKETING_VERSION = 1.0;
				PRODUCT_BUNDLE_IDENTIFIER = com.codepath.InstagramCloneUITests;
				PRODUCT_NAME = "$(TARGET_NAME)";
				SWIFT_EMIT_LOC_STRINGS = NO;
				TARGETED_DEVICE_FAMILY = "1,2";
				TEST_TARGET_NAME = InstagramClone;
			};
			name = Debug;
		};
		C0ADF520286A463700666237 /* Release */ = {
			isa = XCBuildConfiguration;
			baseConfigurationReference = 9C6A21FAF1D747FC36F6FE77 /* Pods-InstagramClone-InstagramCloneUITests.release.xcconfig */;
			buildSettings = {
				CODE_SIGN_STYLE = Automatic;
				CURRENT_PROJECT_VERSION = 1;
				DEVELOPMENT_TEAM = L5XH9X87X6;
				GENERATE_INFOPLIST_FILE = YES;
				MARKETING_VERSION = 1.0;
				PRODUCT_BUNDLE_IDENTIFIER = com.codepath.InstagramCloneUITests;
				PRODUCT_NAME = "$(TARGET_NAME)";
				SWIFT_EMIT_LOC_STRINGS = NO;
				TARGETED_DEVICE_FAMILY = "1,2";
				TEST_TARGET_NAME = InstagramClone;
			};
			name = Release;
		};
/* End XCBuildConfiguration section */

/* Begin XCConfigurationList section */
		C0ADF4E4286A463600666237 /* Build configuration list for PBXProject "InstagramClone" */ = {
			isa = XCConfigurationList;
			buildConfigurations = (
				C0ADF516286A463700666237 /* Debug */,
				C0ADF517286A463700666237 /* Release */,
			);
			defaultConfigurationIsVisible = 0;
			defaultConfigurationName = Release;
		};
		C0ADF518286A463700666237 /* Build configuration list for PBXNativeTarget "InstagramClone" */ = {
			isa = XCConfigurationList;
			buildConfigurations = (
				C0ADF519286A463700666237 /* Debug */,
				C0ADF51A286A463700666237 /* Release */,
			);
			defaultConfigurationIsVisible = 0;
			defaultConfigurationName = Release;
		};
		C0ADF51B286A463700666237 /* Build configuration list for PBXNativeTarget "InstagramCloneTests" */ = {
			isa = XCConfigurationList;
			buildConfigurations = (
				C0ADF51C286A463700666237 /* Debug */,
				C0ADF51D286A463700666237 /* Release */,
			);
			defaultConfigurationIsVisible = 0;
			defaultConfigurationName = Release;
		};
		C0ADF51E286A463700666237 /* Build configuration list for PBXNativeTarget "InstagramCloneUITests" */ = {
			isa = XCConfigurationList;
			buildConfigurations = (
				C0ADF51F286A463700666237 /* Debug */,
				C0ADF520286A463700666237 /* Release */,
			);
			defaultConfigurationIsVisible = 0;
			defaultConfigurationName = Release;
		};
/* End XCConfigurationList section */
	};
	rootObject = C0ADF4E1286A463600666237 /* Project object */;
}
